
Microsoft Visual Studio Solution File, Format Version 12.00
# Visual Studio Version 17
VisualStudioVersion = 17.7.34031.279
MinimumVisualStudioVersion = 10.0.40219.1
Project("{2150E333-8FDC-42A3-9474-1A3956D46DE8}") = "Inheritance", "Inheritance", "{FB44841C-74F5-40B6-8A8F-24DC67B2B45D}"
EndProject
Project("{9A19103F-16F7-4668-BE54-9A1E7A4F7556}") = "Person", "..\..\Изтеглени файлове\Person\Person.csproj", "{0B41A719-906E-4572-8635-B070F925D50E}"
EndProject
Project("{9A19103F-16F7-4668-BE54-9A1E7A4F7556}") = "Zoo", "..\..\Изтеглени файлове\Zoo\Zoo.csproj", "{A7C7A8E3-FC1C-4118-806D-E9C84629D568}"
EndProject
Project("{9A19103F-16F7-4668-BE54-9A1E7A4F7556}") = "PlayersAndMonsters", "..\..\Изтеглени файлове\PlayersAndMonsters\PlayersAndMonsters.csproj", "{25FB299C-E83F-4F3B-A382-3EA3414C5D1F}"
EndProject
Project("{9A19103F-16F7-4668-BE54-9A1E7A4F7556}") = "NeedForSpeed", "..\..\Изтеглени файлове\NeedForSpeed\NeedForSpeed.csproj", "{F9CD1845-4E05-4C8D-9EBC-9A09837CE568}"
EndProject
Project("{9A19103F-16F7-4668-BE54-9A1E7A4F7556}") = "Restaurant", "..\..\Изтеглени файлове\Restaurant\Restaurant.csproj", "{0F537783-7EF7-4F87-ADFE-9E210ED1C3DB}"
EndProject
Project("{2150E333-8FDC-42A3-9474-1A3956D46DE8}") = "Encapsulation", "Encapsulation", "{BA35F2E2-9225-495E-8C28-5EC011E3F67C}"
EndProject
Project("{9A19103F-16F7-4668-BE54-9A1E7A4F7556}") = "ClassBoxData", "ClassBoxData\ClassBoxData.csproj", "{BA73F4BB-C340-42D1-9761-E4FC7288AEB2}"
EndProject
Project("{9A19103F-16F7-4668-BE54-9A1E7A4F7556}") = "AnimalFarm", "..\..\Изтеглени файлове\AnimalFarm\AnimalFarm.csproj", "{88FB66E1-A4DD-42FF-A9E2-E0381A1A132B}"
EndProject
Project("{9A19103F-16F7-4668-BE54-9A1E7A4F7556}") = "ShoppingSpree", "ShoppingSpree\ShoppingSpree.csproj", "{09E98F1E-6CED-4289-AABE-173A6D04D36F}"
EndProject
Project("{9A19103F-16F7-4668-BE54-9A1E7A4F7556}") = "PizzaCalories", "PizzaCalories\PizzaCalories.csproj", "{FEA15DE6-D68D-45E6-AB20-F2A810B2C34E}"
EndProject
Project("{2150E333-8FDC-42A3-9474-1A3956D46DE8}") = "InterfaceAbstract", "InterfaceAbstract", "{907108D5-5917-4093-A919-270E7B13CA57}"
EndProject
Project("{9A19103F-16F7-4668-BE54-9A1E7A4F7556}") = "PersonInfo", "PersonInterface\PersonInfo.csproj", "{AA521FD9-1431-47C0-9D29-ED8FCFDF971D}"
EndProject
Project("{9A19103F-16F7-4668-BE54-9A1E7A4F7556}") = "MultipleImplementation", "MultipleImplementation\MultipleImplementation.csproj", "{D36E293D-0368-4A86-914D-802717150520}"
EndProject
Project("{9A19103F-16F7-4668-BE54-9A1E7A4F7556}") = "Telephony", "Telephony\Telephony.csproj", "{6C86DD20-CB95-4D86-9F30-EF5B4031D0D3}"
EndProject
Project("{9A19103F-16F7-4668-BE54-9A1E7A4F7556}") = "BorderControl", "BorderControl\BorderControl.csproj", "{7D9AD86F-6AE9-4E18-83EA-B518FE0E336D}"
EndProject
Project("{9A19103F-16F7-4668-BE54-9A1E7A4F7556}") = "BirthdayCelebrations", "BirthdayCelebrations\BirthdayCelebrations.csproj", "{DBCB118A-12C4-4E56-9EF1-E87C7EA9182A}"
EndProject
Project("{9A19103F-16F7-4668-BE54-9A1E7A4F7556}") = "FoodShortage", "FoodShortage\FoodShortage.csproj", "{16D15E0F-08B0-4064-A4C9-29F8B0D6FC59}"
EndProject
Project("{2150E333-8FDC-42A3-9474-1A3956D46DE8}") = "Polymorphism", "Polymorphism", "{8EDF538D-B7B4-48AF-9C86-A0FAB69DF431}"
EndProject
Project("{9A19103F-16F7-4668-BE54-9A1E7A4F7556}") = "Vehicles", "Vehicles\Vehicles.csproj", "{A0FF505A-9D09-46B5-B104-C9D77861167D}"
EndProject
Project("{9A19103F-16F7-4668-BE54-9A1E7A4F7556}") = "VehiclesExtended", "VehiclesExtended\VehiclesExtended.csproj", "{C54DE128-9E8A-4382-A011-113A5EE574AA}"
EndProject
Project("{9A19103F-16F7-4668-BE54-9A1E7A4F7556}") = "Raiding", "Raiding\Raiding.csproj", "{F8475C06-02D3-459A-9A3D-22718734519C}"
EndProject
Project("{9A19103F-16F7-4668-BE54-9A1E7A4F7556}") = "WildAnimals", "WildAnimals\WildAnimals.csproj", "{8A2407CA-7CF8-4416-A80C-1B0ABC5CDC2C}"
EndProject
Project("{2150E333-8FDC-42A3-9474-1A3956D46DE8}") = "ReflectionandAttributes", "ReflectionandAttributes", "{11BB7D1A-647E-43B0-B1E2-B6DD6ADE2F72}"
EndProject
Project("{9A19103F-16F7-4668-BE54-9A1E7A4F7556}") = "CommandPattern", "..\..\Изтеглени файлове\CommandPattern\CommandPattern.csproj", "{6618E4E9-C902-4DE3-8160-0F7247E4002F}"
EndProject
Project("{9A19103F-16F7-4668-BE54-9A1E7A4F7556}") = "ValidationAttributes", "..\..\Изтеглени файлове\ValidationAttributes\ValidationAttributes.csproj", "{C9B242F3-6163-442F-82A6-87CD8ACB9212}"
EndProject
Project("{2150E333-8FDC-42A3-9474-1A3956D46DE8}") = "UnitTesting", "UnitTesting", "{1377939D-3224-43A8-9C55-376024C1DE47}"
EndProject
Project("{9A19103F-16F7-4668-BE54-9A1E7A4F7556}") = "Database", "..\..\Изтеглени файлове\Database\Database.csproj", "{4FACF314-635F-462B-B6DF-70DFB750BBEB}"
EndProject
Global
	GlobalSection(SolutionConfigurationPlatforms) = preSolution
		Debug|Any CPU = Debug|Any CPU
		Release|Any CPU = Release|Any CPU
	EndGlobalSection
	GlobalSection(ProjectConfigurationPlatforms) = postSolution
		{0B41A719-906E-4572-8635-B070F925D50E}.Debug|Any CPU.ActiveCfg = Debug|Any CPU
		{0B41A719-906E-4572-8635-B070F925D50E}.Debug|Any CPU.Build.0 = Debug|Any CPU
		{0B41A719-906E-4572-8635-B070F925D50E}.Release|Any CPU.ActiveCfg = Release|Any CPU
		{0B41A719-906E-4572-8635-B070F925D50E}.Release|Any CPU.Build.0 = Release|Any CPU
		{A7C7A8E3-FC1C-4118-806D-E9C84629D568}.Debug|Any CPU.ActiveCfg = Debug|Any CPU
		{A7C7A8E3-FC1C-4118-806D-E9C84629D568}.Debug|Any CPU.Build.0 = Debug|Any CPU
		{A7C7A8E3-FC1C-4118-806D-E9C84629D568}.Release|Any CPU.ActiveCfg = Release|Any CPU
		{A7C7A8E3-FC1C-4118-806D-E9C84629D568}.Release|Any CPU.Build.0 = Release|Any CPU
		{25FB299C-E83F-4F3B-A382-3EA3414C5D1F}.Debug|Any CPU.ActiveCfg = Debug|Any CPU
		{25FB299C-E83F-4F3B-A382-3EA3414C5D1F}.Debug|Any CPU.Build.0 = Debug|Any CPU
		{25FB299C-E83F-4F3B-A382-3EA3414C5D1F}.Release|Any CPU.ActiveCfg = Release|Any CPU
		{25FB299C-E83F-4F3B-A382-3EA3414C5D1F}.Release|Any CPU.Build.0 = Release|Any CPU
		{F9CD1845-4E05-4C8D-9EBC-9A09837CE568}.Debug|Any CPU.ActiveCfg = Debug|Any CPU
		{F9CD1845-4E05-4C8D-9EBC-9A09837CE568}.Debug|Any CPU.Build.0 = Debug|Any CPU
		{F9CD1845-4E05-4C8D-9EBC-9A09837CE568}.Release|Any CPU.ActiveCfg = Release|Any CPU
		{F9CD1845-4E05-4C8D-9EBC-9A09837CE568}.Release|Any CPU.Build.0 = Release|Any CPU
		{0F537783-7EF7-4F87-ADFE-9E210ED1C3DB}.Debug|Any CPU.ActiveCfg = Debug|Any CPU
		{0F537783-7EF7-4F87-ADFE-9E210ED1C3DB}.Debug|Any CPU.Build.0 = Debug|Any CPU
		{0F537783-7EF7-4F87-ADFE-9E210ED1C3DB}.Release|Any CPU.ActiveCfg = Release|Any CPU
		{0F537783-7EF7-4F87-ADFE-9E210ED1C3DB}.Release|Any CPU.Build.0 = Release|Any CPU
		{BA73F4BB-C340-42D1-9761-E4FC7288AEB2}.Debug|Any CPU.ActiveCfg = Debug|Any CPU
		{BA73F4BB-C340-42D1-9761-E4FC7288AEB2}.Debug|Any CPU.Build.0 = Debug|Any CPU
		{BA73F4BB-C340-42D1-9761-E4FC7288AEB2}.Release|Any CPU.ActiveCfg = Release|Any CPU
		{BA73F4BB-C340-42D1-9761-E4FC7288AEB2}.Release|Any CPU.Build.0 = Release|Any CPU
		{88FB66E1-A4DD-42FF-A9E2-E0381A1A132B}.Debug|Any CPU.ActiveCfg = Debug|Any CPU
		{88FB66E1-A4DD-42FF-A9E2-E0381A1A132B}.Debug|Any CPU.Build.0 = Debug|Any CPU
		{88FB66E1-A4DD-42FF-A9E2-E0381A1A132B}.Release|Any CPU.ActiveCfg = Release|Any CPU
		{88FB66E1-A4DD-42FF-A9E2-E0381A1A132B}.Release|Any CPU.Build.0 = Release|Any CPU
		{09E98F1E-6CED-4289-AABE-173A6D04D36F}.Debug|Any CPU.ActiveCfg = Debug|Any CPU
		{09E98F1E-6CED-4289-AABE-173A6D04D36F}.Debug|Any CPU.Build.0 = Debug|Any CPU
		{09E98F1E-6CED-4289-AABE-173A6D04D36F}.Release|Any CPU.ActiveCfg = Release|Any CPU
		{09E98F1E-6CED-4289-AABE-173A6D04D36F}.Release|Any CPU.Build.0 = Release|Any CPU
		{FEA15DE6-D68D-45E6-AB20-F2A810B2C34E}.Debug|Any CPU.ActiveCfg = Debug|Any CPU
		{FEA15DE6-D68D-45E6-AB20-F2A810B2C34E}.Debug|Any CPU.Build.0 = Debug|Any CPU
		{FEA15DE6-D68D-45E6-AB20-F2A810B2C34E}.Release|Any CPU.ActiveCfg = Release|Any CPU
		{FEA15DE6-D68D-45E6-AB20-F2A810B2C34E}.Release|Any CPU.Build.0 = Release|Any CPU
		{AA521FD9-1431-47C0-9D29-ED8FCFDF971D}.Debug|Any CPU.ActiveCfg = Debug|Any CPU
		{AA521FD9-1431-47C0-9D29-ED8FCFDF971D}.Debug|Any CPU.Build.0 = Debug|Any CPU
		{AA521FD9-1431-47C0-9D29-ED8FCFDF971D}.Release|Any CPU.ActiveCfg = Release|Any CPU
		{AA521FD9-1431-47C0-9D29-ED8FCFDF971D}.Release|Any CPU.Build.0 = Release|Any CPU
		{D36E293D-0368-4A86-914D-802717150520}.Debug|Any CPU.ActiveCfg = Debug|Any CPU
		{D36E293D-0368-4A86-914D-802717150520}.Debug|Any CPU.Build.0 = Debug|Any CPU
		{D36E293D-0368-4A86-914D-802717150520}.Release|Any CPU.ActiveCfg = Release|Any CPU
		{D36E293D-0368-4A86-914D-802717150520}.Release|Any CPU.Build.0 = Release|Any CPU
		{6C86DD20-CB95-4D86-9F30-EF5B4031D0D3}.Debug|Any CPU.ActiveCfg = Debug|Any CPU
		{6C86DD20-CB95-4D86-9F30-EF5B4031D0D3}.Debug|Any CPU.Build.0 = Debug|Any CPU
		{6C86DD20-CB95-4D86-9F30-EF5B4031D0D3}.Release|Any CPU.ActiveCfg = Release|Any CPU
		{6C86DD20-CB95-4D86-9F30-EF5B4031D0D3}.Release|Any CPU.Build.0 = Release|Any CPU
		{7D9AD86F-6AE9-4E18-83EA-B518FE0E336D}.Debug|Any CPU.ActiveCfg = Debug|Any CPU
		{7D9AD86F-6AE9-4E18-83EA-B518FE0E336D}.Debug|Any CPU.Build.0 = Debug|Any CPU
		{7D9AD86F-6AE9-4E18-83EA-B518FE0E336D}.Release|Any CPU.ActiveCfg = Release|Any CPU
		{7D9AD86F-6AE9-4E18-83EA-B518FE0E336D}.Release|Any CPU.Build.0 = Release|Any CPU
		{DBCB118A-12C4-4E56-9EF1-E87C7EA9182A}.Debug|Any CPU.ActiveCfg = Debug|Any CPU
		{DBCB118A-12C4-4E56-9EF1-E87C7EA9182A}.Debug|Any CPU.Build.0 = Debug|Any CPU
		{DBCB118A-12C4-4E56-9EF1-E87C7EA9182A}.Release|Any CPU.ActiveCfg = Release|Any CPU
		{DBCB118A-12C4-4E56-9EF1-E87C7EA9182A}.Release|Any CPU.Build.0 = Release|Any CPU
		{16D15E0F-08B0-4064-A4C9-29F8B0D6FC59}.Debug|Any CPU.ActiveCfg = Debug|Any CPU
		{16D15E0F-08B0-4064-A4C9-29F8B0D6FC59}.Debug|Any CPU.Build.0 = Debug|Any CPU
		{16D15E0F-08B0-4064-A4C9-29F8B0D6FC59}.Release|Any CPU.ActiveCfg = Release|Any CPU
		{16D15E0F-08B0-4064-A4C9-29F8B0D6FC59}.Release|Any CPU.Build.0 = Release|Any CPU
		{A0FF505A-9D09-46B5-B104-C9D77861167D}.Debug|Any CPU.ActiveCfg = Debug|Any CPU
		{A0FF505A-9D09-46B5-B104-C9D77861167D}.Debug|Any CPU.Build.0 = Debug|Any CPU
		{A0FF505A-9D09-46B5-B104-C9D77861167D}.Release|Any CPU.ActiveCfg = Release|Any CPU
		{A0FF505A-9D09-46B5-B104-C9D77861167D}.Release|Any CPU.Build.0 = Release|Any CPU
		{C54DE128-9E8A-4382-A011-113A5EE574AA}.Debug|Any CPU.ActiveCfg = Debug|Any CPU
		{C54DE128-9E8A-4382-A011-113A5EE574AA}.Debug|Any CPU.Build.0 = Debug|Any CPU
		{C54DE128-9E8A-4382-A011-113A5EE574AA}.Release|Any CPU.ActiveCfg = Release|Any CPU
		{C54DE128-9E8A-4382-A011-113A5EE574AA}.Release|Any CPU.Build.0 = Release|Any CPU
		{F8475C06-02D3-459A-9A3D-22718734519C}.Debug|Any CPU.ActiveCfg = Debug|Any CPU
		{F8475C06-02D3-459A-9A3D-22718734519C}.Debug|Any CPU.Build.0 = Debug|Any CPU
		{F8475C06-02D3-459A-9A3D-22718734519C}.Release|Any CPU.ActiveCfg = Release|Any CPU
		{F8475C06-02D3-459A-9A3D-22718734519C}.Release|Any CPU.Build.0 = Release|Any CPU
		{8A2407CA-7CF8-4416-A80C-1B0ABC5CDC2C}.Debug|Any CPU.ActiveCfg = Debug|Any CPU
		{8A2407CA-7CF8-4416-A80C-1B0ABC5CDC2C}.Debug|Any CPU.Build.0 = Debug|Any CPU
		{8A2407CA-7CF8-4416-A80C-1B0ABC5CDC2C}.Release|Any CPU.ActiveCfg = Release|Any CPU
		{8A2407CA-7CF8-4416-A80C-1B0ABC5CDC2C}.Release|Any CPU.Build.0 = Release|Any CPU
		{6618E4E9-C902-4DE3-8160-0F7247E4002F}.Debug|Any CPU.ActiveCfg = Debug|Any CPU
		{6618E4E9-C902-4DE3-8160-0F7247E4002F}.Debug|Any CPU.Build.0 = Debug|Any CPU
		{6618E4E9-C902-4DE3-8160-0F7247E4002F}.Release|Any CPU.ActiveCfg = Release|Any CPU
		{6618E4E9-C902-4DE3-8160-0F7247E4002F}.Release|Any CPU.Build.0 = Release|Any CPU
		{C9B242F3-6163-442F-82A6-87CD8ACB9212}.Debug|Any CPU.ActiveCfg = Debug|Any CPU
		{C9B242F3-6163-442F-82A6-87CD8ACB9212}.Debug|Any CPU.Build.0 = Debug|Any CPU
		{C9B242F3-6163-442F-82A6-87CD8ACB9212}.Release|Any CPU.ActiveCfg = Release|Any CPU
		{C9B242F3-6163-442F-82A6-87CD8ACB9212}.Release|Any CPU.Build.0 = Release|Any CPU
		{4FACF314-635F-462B-B6DF-70DFB750BBEB}.Debug|Any CPU.ActiveCfg = Debug|Any CPU
		{4FACF314-635F-462B-B6DF-70DFB750BBEB}.Debug|Any CPU.Build.0 = Debug|Any CPU
		{4FACF314-635F-462B-B6DF-70DFB750BBEB}.Release|Any CPU.ActiveCfg = Release|Any CPU
		{4FACF314-635F-462B-B6DF-70DFB750BBEB}.Release|Any CPU.Build.0 = Release|Any CPU
	EndGlobalSection
	GlobalSection(SolutionProperties) = preSolution
		HideSolutionNode = FALSE
	EndGlobalSection
	GlobalSection(NestedProjects) = preSolution
		{0B41A719-906E-4572-8635-B070F925D50E} = {FB44841C-74F5-40B6-8A8F-24DC67B2B45D}
		{A7C7A8E3-FC1C-4118-806D-E9C84629D568} = {FB44841C-74F5-40B6-8A8F-24DC67B2B45D}
		{25FB299C-E83F-4F3B-A382-3EA3414C5D1F} = {FB44841C-74F5-40B6-8A8F-24DC67B2B45D}
		{F9CD1845-4E05-4C8D-9EBC-9A09837CE568} = {FB44841C-74F5-40B6-8A8F-24DC67B2B45D}
		{0F537783-7EF7-4F87-ADFE-9E210ED1C3DB} = {FB44841C-74F5-40B6-8A8F-24DC67B2B45D}
		{BA73F4BB-C340-42D1-9761-E4FC7288AEB2} = {BA35F2E2-9225-495E-8C28-5EC011E3F67C}
		{88FB66E1-A4DD-42FF-A9E2-E0381A1A132B} = {BA35F2E2-9225-495E-8C28-5EC011E3F67C}
		{09E98F1E-6CED-4289-AABE-173A6D04D36F} = {BA35F2E2-9225-495E-8C28-5EC011E3F67C}
		{FEA15DE6-D68D-45E6-AB20-F2A810B2C34E} = {BA35F2E2-9225-495E-8C28-5EC011E3F67C}
		{AA521FD9-1431-47C0-9D29-ED8FCFDF971D} = {907108D5-5917-4093-A919-270E7B13CA57}
		{D36E293D-0368-4A86-914D-802717150520} = {907108D5-5917-4093-A919-270E7B13CA57}
		{6C86DD20-CB95-4D86-9F30-EF5B4031D0D3} = {907108D5-5917-4093-A919-270E7B13CA57}
		{7D9AD86F-6AE9-4E18-83EA-B518FE0E336D} = {907108D5-5917-4093-A919-270E7B13CA57}
		{DBCB118A-12C4-4E56-9EF1-E87C7EA9182A} = {907108D5-5917-4093-A919-270E7B13CA57}
		{16D15E0F-08B0-4064-A4C9-29F8B0D6FC59} = {907108D5-5917-4093-A919-270E7B13CA57}
		{A0FF505A-9D09-46B5-B104-C9D77861167D} = {8EDF538D-B7B4-48AF-9C86-A0FAB69DF431}
		{C54DE128-9E8A-4382-A011-113A5EE574AA} = {8EDF538D-B7B4-48AF-9C86-A0FAB69DF431}
		{F8475C06-02D3-459A-9A3D-22718734519C} = {8EDF538D-B7B4-48AF-9C86-A0FAB69DF431}
		{8A2407CA-7CF8-4416-A80C-1B0ABC5CDC2C} = {8EDF538D-B7B4-48AF-9C86-A0FAB69DF431}
		{6618E4E9-C902-4DE3-8160-0F7247E4002F} = {11BB7D1A-647E-43B0-B1E2-B6DD6ADE2F72}
		{C9B242F3-6163-442F-82A6-87CD8ACB9212} = {11BB7D1A-647E-43B0-B1E2-B6DD6ADE2F72}
		{4FACF314-635F-462B-B6DF-70DFB750BBEB} = {1377939D-3224-43A8-9C55-376024C1DE47}
	EndGlobalSection
	GlobalSection(ExtensibilityGlobals) = postSolution
		SolutionGuid = {D86EB407-2306-4A2E-9E2B-6E6D25712BA4}
	EndGlobalSection
EndGlobal
